
Microsoft Visual Studio Solution File, Format Version 12.00
Project("{FAE04EC0-301F-11D3-BF4B-00C04F79EFBC}") = "Excersices", "Excersices\Excersices.csproj", "{494C5B4F-F6D7-41B9-9EE1-82C47422201E}"
EndProject
Project("{2150E333-8FDC-42A3-9474-1A3956D46DE8}") = "Tasks", "Tasks", "{D50D1E31-9EFD-4647-9AF7-1B4B712D0211}"
EndProject
Project("{FAE04EC0-301F-11D3-BF4B-00C04F79EFBC}") = "Ex.315A", "Ex.315A\Ex.315A.csproj", "{42A324D0-85A8-44D2-B71E-65937156941B}"
EndProject
Project("{FAE04EC0-301F-11D3-BF4B-00C04F79EFBC}") = "Ex.315B", "Ex.315B\Ex.315B.csproj", "{94EBD350-FD90-4502-906F-3F1C47C2BD12}"
EndProject
Project("{FAE04EC0-301F-11D3-BF4B-00C04F79EFBC}") = "Ex.315C", "Ex.315C\Ex.315C.csproj", "{36DDDF13-70FF-41FA-BE9F-181B02EB9588}"
EndProject
Project("{FAE04EC0-301F-11D3-BF4B-00C04F79EFBC}") = "Ex.315D", "Ex.315D\Ex.315D.csproj", "{7A15FE59-A1AC-4ACA-9E23-02E8BDC952FD}"
EndProject
Project("{FAE04EC0-301F-11D3-BF4B-00C04F79EFBC}") = "Ex.315E", "Ex.315E\Ex.315E.csproj", "{5786A6A7-2263-4977-8E77-83252FA0785A}"
EndProject
Project("{FAE04EC0-301F-11D3-BF4B-00C04F79EFBC}") = "Ex.315F", "Ex.315F\Ex.315F.csproj", "{607096D0-B2A1-420D-BD19-C4A361109B9E}"
EndProject
Project("{FAE04EC0-301F-11D3-BF4B-00C04F79EFBC}") = "Ex.315G", "Ex.315G\Ex.315G.csproj", "{2DC32B4A-DE4D-4926-9E1B-93DBF2B5DED0}"
EndProject
Project("{FAE04EC0-301F-11D3-BF4B-00C04F79EFBC}") = "Ex.315H", "Ex.315H\Ex.315H.csproj", "{18D0CE77-AAFF-4931-AD8C-88D43663DCA7}"
EndProject
Project("{FAE04EC0-301F-11D3-BF4B-00C04F79EFBC}") = "Ex.315I", "Ex.315I\Ex.315I.csproj", "{D29A980F-BC17-4F9C-8465-7BD7B266D0A6}"
EndProject
Project("{FAE04EC0-301F-11D3-BF4B-00C04F79EFBC}") = "Ex.316A", "Ex.316A\Ex.316A.csproj", "{5C90BB30-94B7-4B0B-AD2A-4124A17F61E6}"
EndProject
Project("{FAE04EC0-301F-11D3-BF4B-00C04F79EFBC}") = "Ex.321A", "Ex.321A\Ex.321A.csproj", "{FB66BF7F-D281-4995-99F0-55624A2B9C07}"
EndProject
Project("{FAE04EC0-301F-11D3-BF4B-00C04F79EFBC}") = "Ex.321B", "Ex.321B\Ex.321B.csproj", "{A4A261DE-1BF6-4025-89F2-7222E4833FF8}"
EndProject
Project("{FAE04EC0-301F-11D3-BF4B-00C04F79EFBC}") = "Ex.321C", "Ex.321C\Ex.321C.csproj", "{3AD4BF08-1D6A-446A-8FC7-E3390FDBA232}"
EndProject
Project("{FAE04EC0-301F-11D3-BF4B-00C04F79EFBC}") = "Ex.322A", "Ex.322A\Ex.322A.csproj", "{2EECB751-5CA9-4087-BC19-913C5AD912EF}"
EndProject
Project("{FAE04EC0-301F-11D3-BF4B-00C04F79EFBC}") = "Ex.322B", "Ex.322B\Ex.322B.csproj", "{07EAB902-EBD3-43B0-940B-61F2F495310F}"
EndProject
Project("{FAE04EC0-301F-11D3-BF4B-00C04F79EFBC}") = "Ex.322C", "Ex.322C\Ex.322C.csproj", "{7F9A1829-14DA-4637-88C5-CDD2BD36CE6F}"
EndProject
Project("{FAE04EC0-301F-11D3-BF4B-00C04F79EFBC}") = "Ex.322A_v2", "Ex.322A_v2\Ex.322A_v2.csproj", "{1EAF38B6-3C8C-4ABA-83DD-A9E92A456829}"
EndProject
Global
	GlobalSection(SolutionConfigurationPlatforms) = preSolution
		Debug|Any CPU = Debug|Any CPU
		Release|Any CPU = Release|Any CPU
	EndGlobalSection
	GlobalSection(ProjectConfigurationPlatforms) = postSolution
		{494C5B4F-F6D7-41B9-9EE1-82C47422201E}.Debug|Any CPU.ActiveCfg = Debug|Any CPU
		{494C5B4F-F6D7-41B9-9EE1-82C47422201E}.Debug|Any CPU.Build.0 = Debug|Any CPU
		{494C5B4F-F6D7-41B9-9EE1-82C47422201E}.Release|Any CPU.ActiveCfg = Release|Any CPU
		{494C5B4F-F6D7-41B9-9EE1-82C47422201E}.Release|Any CPU.Build.0 = Release|Any CPU
		{42A324D0-85A8-44D2-B71E-65937156941B}.Debug|Any CPU.ActiveCfg = Debug|Any CPU
		{42A324D0-85A8-44D2-B71E-65937156941B}.Debug|Any CPU.Build.0 = Debug|Any CPU
		{42A324D0-85A8-44D2-B71E-65937156941B}.Release|Any CPU.ActiveCfg = Release|Any CPU
		{42A324D0-85A8-44D2-B71E-65937156941B}.Release|Any CPU.Build.0 = Release|Any CPU
		{94EBD350-FD90-4502-906F-3F1C47C2BD12}.Debug|Any CPU.ActiveCfg = Debug|Any CPU
		{94EBD350-FD90-4502-906F-3F1C47C2BD12}.Debug|Any CPU.Build.0 = Debug|Any CPU
		{94EBD350-FD90-4502-906F-3F1C47C2BD12}.Release|Any CPU.ActiveCfg = Release|Any CPU
		{94EBD350-FD90-4502-906F-3F1C47C2BD12}.Release|Any CPU.Build.0 = Release|Any CPU
		{36DDDF13-70FF-41FA-BE9F-181B02EB9588}.Debug|Any CPU.ActiveCfg = Debug|Any CPU
		{36DDDF13-70FF-41FA-BE9F-181B02EB9588}.Debug|Any CPU.Build.0 = Debug|Any CPU
		{36DDDF13-70FF-41FA-BE9F-181B02EB9588}.Release|Any CPU.ActiveCfg = Release|Any CPU
		{36DDDF13-70FF-41FA-BE9F-181B02EB9588}.Release|Any CPU.Build.0 = Release|Any CPU
		{7A15FE59-A1AC-4ACA-9E23-02E8BDC952FD}.Debug|Any CPU.ActiveCfg = Debug|Any CPU
		{7A15FE59-A1AC-4ACA-9E23-02E8BDC952FD}.Debug|Any CPU.Build.0 = Debug|Any CPU
		{7A15FE59-A1AC-4ACA-9E23-02E8BDC952FD}.Release|Any CPU.ActiveCfg = Release|Any CPU
		{7A15FE59-A1AC-4ACA-9E23-02E8BDC952FD}.Release|Any CPU.Build.0 = Release|Any CPU
		{5786A6A7-2263-4977-8E77-83252FA0785A}.Debug|Any CPU.ActiveCfg = Debug|Any CPU
		{5786A6A7-2263-4977-8E77-83252FA0785A}.Debug|Any CPU.Build.0 = Debug|Any CPU
		{5786A6A7-2263-4977-8E77-83252FA0785A}.Release|Any CPU.ActiveCfg = Release|Any CPU
		{5786A6A7-2263-4977-8E77-83252FA0785A}.Release|Any CPU.Build.0 = Release|Any CPU
		{607096D0-B2A1-420D-BD19-C4A361109B9E}.Debug|Any CPU.ActiveCfg = Debug|Any CPU
		{607096D0-B2A1-420D-BD19-C4A361109B9E}.Debug|Any CPU.Build.0 = Debug|Any CPU
		{607096D0-B2A1-420D-BD19-C4A361109B9E}.Release|Any CPU.ActiveCfg = Release|Any CPU
		{607096D0-B2A1-420D-BD19-C4A361109B9E}.Release|Any CPU.Build.0 = Release|Any CPU
		{2DC32B4A-DE4D-4926-9E1B-93DBF2B5DED0}.Debug|Any CPU.ActiveCfg = Debug|Any CPU
		{2DC32B4A-DE4D-4926-9E1B-93DBF2B5DED0}.Debug|Any CPU.Build.0 = Debug|Any CPU
		{2DC32B4A-DE4D-4926-9E1B-93DBF2B5DED0}.Release|Any CPU.ActiveCfg = Release|Any CPU
		{2DC32B4A-DE4D-4926-9E1B-93DBF2B5DED0}.Release|Any CPU.Build.0 = Release|Any CPU
		{18D0CE77-AAFF-4931-AD8C-88D43663DCA7}.Debug|Any CPU.ActiveCfg = Debug|Any CPU
		{18D0CE77-AAFF-4931-AD8C-88D43663DCA7}.Debug|Any CPU.Build.0 = Debug|Any CPU
		{18D0CE77-AAFF-4931-AD8C-88D43663DCA7}.Release|Any CPU.ActiveCfg = Release|Any CPU
		{18D0CE77-AAFF-4931-AD8C-88D43663DCA7}.Release|Any CPU.Build.0 = Release|Any CPU
		{D29A980F-BC17-4F9C-8465-7BD7B266D0A6}.Debug|Any CPU.ActiveCfg = Debug|Any CPU
		{D29A980F-BC17-4F9C-8465-7BD7B266D0A6}.Debug|Any CPU.Build.0 = Debug|Any CPU
		{D29A980F-BC17-4F9C-8465-7BD7B266D0A6}.Release|Any CPU.ActiveCfg = Release|Any CPU
		{D29A980F-BC17-4F9C-8465-7BD7B266D0A6}.Release|Any CPU.Build.0 = Release|Any CPU
		{5C90BB30-94B7-4B0B-AD2A-4124A17F61E6}.Debug|Any CPU.ActiveCfg = Debug|Any CPU
		{5C90BB30-94B7-4B0B-AD2A-4124A17F61E6}.Debug|Any CPU.Build.0 = Debug|Any CPU
		{5C90BB30-94B7-4B0B-AD2A-4124A17F61E6}.Release|Any CPU.ActiveCfg = Release|Any CPU
		{5C90BB30-94B7-4B0B-AD2A-4124A17F61E6}.Release|Any CPU.Build.0 = Release|Any CPU
		{FB66BF7F-D281-4995-99F0-55624A2B9C07}.Debug|Any CPU.ActiveCfg = Debug|Any CPU
		{FB66BF7F-D281-4995-99F0-55624A2B9C07}.Debug|Any CPU.Build.0 = Debug|Any CPU
		{FB66BF7F-D281-4995-99F0-55624A2B9C07}.Release|Any CPU.ActiveCfg = Release|Any CPU
		{FB66BF7F-D281-4995-99F0-55624A2B9C07}.Release|Any CPU.Build.0 = Release|Any CPU
		{A4A261DE-1BF6-4025-89F2-7222E4833FF8}.Debug|Any CPU.ActiveCfg = Debug|Any CPU
		{A4A261DE-1BF6-4025-89F2-7222E4833FF8}.Debug|Any CPU.Build.0 = Debug|Any CPU
		{A4A261DE-1BF6-4025-89F2-7222E4833FF8}.Release|Any CPU.ActiveCfg = Release|Any CPU
		{A4A261DE-1BF6-4025-89F2-7222E4833FF8}.Release|Any CPU.Build.0 = Release|Any CPU
		{3AD4BF08-1D6A-446A-8FC7-E3390FDBA232}.Debug|Any CPU.ActiveCfg = Debug|Any CPU
		{3AD4BF08-1D6A-446A-8FC7-E3390FDBA232}.Debug|Any CPU.Build.0 = Debug|Any CPU
		{3AD4BF08-1D6A-446A-8FC7-E3390FDBA232}.Release|Any CPU.ActiveCfg = Release|Any CPU
		{3AD4BF08-1D6A-446A-8FC7-E3390FDBA232}.Release|Any CPU.Build.0 = Release|Any CPU
		{2EECB751-5CA9-4087-BC19-913C5AD912EF}.Debug|Any CPU.ActiveCfg = Debug|Any CPU
		{2EECB751-5CA9-4087-BC19-913C5AD912EF}.Debug|Any CPU.Build.0 = Debug|Any CPU
		{2EECB751-5CA9-4087-BC19-913C5AD912EF}.Release|Any CPU.ActiveCfg = Release|Any CPU
		{2EECB751-5CA9-4087-BC19-913C5AD912EF}.Release|Any CPU.Build.0 = Release|Any CPU
		{07EAB902-EBD3-43B0-940B-61F2F495310F}.Debug|Any CPU.ActiveCfg = Debug|Any CPU
		{07EAB902-EBD3-43B0-940B-61F2F495310F}.Debug|Any CPU.Build.0 = Debug|Any CPU
		{07EAB902-EBD3-43B0-940B-61F2F495310F}.Release|Any CPU.ActiveCfg = Release|Any CPU
		{07EAB902-EBD3-43B0-940B-61F2F495310F}.Release|Any CPU.Build.0 = Release|Any CPU
		{7F9A1829-14DA-4637-88C5-CDD2BD36CE6F}.Debug|Any CPU.ActiveCfg = Debug|Any CPU
		{7F9A1829-14DA-4637-88C5-CDD2BD36CE6F}.Debug|Any CPU.Build.0 = Debug|Any CPU
		{7F9A1829-14DA-4637-88C5-CDD2BD36CE6F}.Release|Any CPU.ActiveCfg = Release|Any CPU
		{7F9A1829-14DA-4637-88C5-CDD2BD36CE6F}.Release|Any CPU.Build.0 = Release|Any CPU
		{1EAF38B6-3C8C-4ABA-83DD-A9E92A456829}.Debug|Any CPU.ActiveCfg = Debug|Any CPU
		{1EAF38B6-3C8C-4ABA-83DD-A9E92A456829}.Debug|Any CPU.Build.0 = Debug|Any CPU
		{1EAF38B6-3C8C-4ABA-83DD-A9E92A456829}.Release|Any CPU.ActiveCfg = Release|Any CPU
		{1EAF38B6-3C8C-4ABA-83DD-A9E92A456829}.Release|Any CPU.Build.0 = Release|Any CPU
	EndGlobalSection
	GlobalSection(NestedProjects) = preSolution
		{42A324D0-85A8-44D2-B71E-65937156941B} = {D50D1E31-9EFD-4647-9AF7-1B4B712D0211}
		{94EBD350-FD90-4502-906F-3F1C47C2BD12} = {D50D1E31-9EFD-4647-9AF7-1B4B712D0211}
		{36DDDF13-70FF-41FA-BE9F-181B02EB9588} = {D50D1E31-9EFD-4647-9AF7-1B4B712D0211}
		{7A15FE59-A1AC-4ACA-9E23-02E8BDC952FD} = {D50D1E31-9EFD-4647-9AF7-1B4B712D0211}
		{5786A6A7-2263-4977-8E77-83252FA0785A} = {D50D1E31-9EFD-4647-9AF7-1B4B712D0211}
		{607096D0-B2A1-420D-BD19-C4A361109B9E} = {D50D1E31-9EFD-4647-9AF7-1B4B712D0211}
		{2DC32B4A-DE4D-4926-9E1B-93DBF2B5DED0} = {D50D1E31-9EFD-4647-9AF7-1B4B712D0211}
		{18D0CE77-AAFF-4931-AD8C-88D43663DCA7} = {D50D1E31-9EFD-4647-9AF7-1B4B712D0211}
		{D29A980F-BC17-4F9C-8465-7BD7B266D0A6} = {D50D1E31-9EFD-4647-9AF7-1B4B712D0211}
		{5C90BB30-94B7-4B0B-AD2A-4124A17F61E6} = {D50D1E31-9EFD-4647-9AF7-1B4B712D0211}
		{FB66BF7F-D281-4995-99F0-55624A2B9C07} = {D50D1E31-9EFD-4647-9AF7-1B4B712D0211}
		{A4A261DE-1BF6-4025-89F2-7222E4833FF8} = {D50D1E31-9EFD-4647-9AF7-1B4B712D0211}
		{3AD4BF08-1D6A-446A-8FC7-E3390FDBA232} = {D50D1E31-9EFD-4647-9AF7-1B4B712D0211}
		{2EECB751-5CA9-4087-BC19-913C5AD912EF} = {D50D1E31-9EFD-4647-9AF7-1B4B712D0211}
		{07EAB902-EBD3-43B0-940B-61F2F495310F} = {D50D1E31-9EFD-4647-9AF7-1B4B712D0211}
		{7F9A1829-14DA-4637-88C5-CDD2BD36CE6F} = {D50D1E31-9EFD-4647-9AF7-1B4B712D0211}
		{1EAF38B6-3C8C-4ABA-83DD-A9E92A456829} = {D50D1E31-9EFD-4647-9AF7-1B4B712D0211}
	EndGlobalSection
EndGlobal
