
Microsoft Visual Studio Solution File, Format Version 12.00
Project("{FAE04EC0-301F-11D3-BF4B-00C04F79EFBC}") = "Excersices", "Excersices\Excersices.csproj", "{494C5B4F-F6D7-41B9-9EE1-82C47422201E}"
EndProject
Project("{2150E333-8FDC-42A3-9474-1A3956D46DE8}") = "Tasks", "Tasks", "{D50D1E31-9EFD-4647-9AF7-1B4B712D0211}"
EndProject
Project("{FAE04EC0-301F-11D3-BF4B-00C04F79EFBC}") = "Ex.315A", "Ex.315A\Ex.315A.csproj", "{42A324D0-85A8-44D2-B71E-65937156941B}"
EndProject
Project("{FAE04EC0-301F-11D3-BF4B-00C04F79EFBC}") = "Ex.315B", "Ex.315B\Ex.315B.csproj", "{94EBD350-FD90-4502-906F-3F1C47C2BD12}"
EndProject
Project("{FAE04EC0-301F-11D3-BF4B-00C04F79EFBC}") = "Ex.315C", "Ex.315C\Ex.315C.csproj", "{36DDDF13-70FF-41FA-BE9F-181B02EB9588}"
EndProject
Project("{FAE04EC0-301F-11D3-BF4B-00C04F79EFBC}") = "Ex.315D", "Ex.315D\Ex.315D.csproj", "{7A15FE59-A1AC-4ACA-9E23-02E8BDC952FD}"
EndProject
Global
	GlobalSection(SolutionConfigurationPlatforms) = preSolution
		Debug|Any CPU = Debug|Any CPU
		Release|Any CPU = Release|Any CPU
	EndGlobalSection
	GlobalSection(ProjectConfigurationPlatforms) = postSolution
		{494C5B4F-F6D7-41B9-9EE1-82C47422201E}.Debug|Any CPU.ActiveCfg = Debug|Any CPU
		{494C5B4F-F6D7-41B9-9EE1-82C47422201E}.Debug|Any CPU.Build.0 = Debug|Any CPU
		{494C5B4F-F6D7-41B9-9EE1-82C47422201E}.Release|Any CPU.ActiveCfg = Release|Any CPU
		{494C5B4F-F6D7-41B9-9EE1-82C47422201E}.Release|Any CPU.Build.0 = Release|Any CPU
		{42A324D0-85A8-44D2-B71E-65937156941B}.Debug|Any CPU.ActiveCfg = Debug|Any CPU
		{42A324D0-85A8-44D2-B71E-65937156941B}.Debug|Any CPU.Build.0 = Debug|Any CPU
		{42A324D0-85A8-44D2-B71E-65937156941B}.Release|Any CPU.ActiveCfg = Release|Any CPU
		{42A324D0-85A8-44D2-B71E-65937156941B}.Release|Any CPU.Build.0 = Release|Any CPU
		{94EBD350-FD90-4502-906F-3F1C47C2BD12}.Debug|Any CPU.ActiveCfg = Debug|Any CPU
		{94EBD350-FD90-4502-906F-3F1C47C2BD12}.Debug|Any CPU.Build.0 = Debug|Any CPU
		{94EBD350-FD90-4502-906F-3F1C47C2BD12}.Release|Any CPU.ActiveCfg = Release|Any CPU
		{94EBD350-FD90-4502-906F-3F1C47C2BD12}.Release|Any CPU.Build.0 = Release|Any CPU
		{36DDDF13-70FF-41FA-BE9F-181B02EB9588}.Debug|Any CPU.ActiveCfg = Debug|Any CPU
		{36DDDF13-70FF-41FA-BE9F-181B02EB9588}.Debug|Any CPU.Build.0 = Debug|Any CPU
		{36DDDF13-70FF-41FA-BE9F-181B02EB9588}.Release|Any CPU.ActiveCfg = Release|Any CPU
		{36DDDF13-70FF-41FA-BE9F-181B02EB9588}.Release|Any CPU.Build.0 = Release|Any CPU
		{7A15FE59-A1AC-4ACA-9E23-02E8BDC952FD}.Debug|Any CPU.ActiveCfg = Debug|Any CPU
		{7A15FE59-A1AC-4ACA-9E23-02E8BDC952FD}.Debug|Any CPU.Build.0 = Debug|Any CPU
		{7A15FE59-A1AC-4ACA-9E23-02E8BDC952FD}.Release|Any CPU.ActiveCfg = Release|Any CPU
		{7A15FE59-A1AC-4ACA-9E23-02E8BDC952FD}.Release|Any CPU.Build.0 = Release|Any CPU
	EndGlobalSection
	GlobalSection(NestedProjects) = preSolution
		{42A324D0-85A8-44D2-B71E-65937156941B} = {D50D1E31-9EFD-4647-9AF7-1B4B712D0211}
		{94EBD350-FD90-4502-906F-3F1C47C2BD12} = {D50D1E31-9EFD-4647-9AF7-1B4B712D0211}
		{36DDDF13-70FF-41FA-BE9F-181B02EB9588} = {D50D1E31-9EFD-4647-9AF7-1B4B712D0211}
		{7A15FE59-A1AC-4ACA-9E23-02E8BDC952FD} = {D50D1E31-9EFD-4647-9AF7-1B4B712D0211}
	EndGlobalSection
EndGlobal
